
Microsoft Visual Studio Solution File, Format Version 12.00
# Visual Studio 15
VisualStudioVersion = 15.0.26228.9
MinimumVisualStudioVersion = 10.0.40219.1
Project("{FAE04EC0-301F-11D3-BF4B-00C04F79EFBC}") = "CoolBreeze.Android", "CoolBreeze\CoolBreeze.Android\CoolBreeze.Android.csproj", "{00CCBFF9-FC1B-458D-915A-202EF397EC7B}"
EndProject
Project("{FAE04EC0-301F-11D3-BF4B-00C04F79EFBC}") = "CoolBreeze", "CoolBreeze\CoolBreeze\CoolBreeze.csproj", "{90F51082-FF66-4E56-A728-4CEF93580CDA}"
EndProject
Project("{FAE04EC0-301F-11D3-BF4B-00C04F79EFBC}") = "CoolBreeze.UWP", "CoolBreeze\CoolBreeze.UWP\CoolBreeze.UWP.csproj", "{B1EC4815-2E8B-4752-94B5-0131E29FA732}"
EndProject
Project("{FAE04EC0-301F-11D3-BF4B-00C04F79EFBC}") = "CoolBreeze.iOS", "CoolBreeze\CoolBreeze.iOS\CoolBreeze.iOS.csproj", "{8859868D-2C32-471C-A56D-71A6FCBBEAAC}"
EndProject
Global
	GlobalSection(SolutionConfigurationPlatforms) = preSolution
		Ad-Hoc|Any CPU = Ad-Hoc|Any CPU
		Ad-Hoc|ARM = Ad-Hoc|ARM
		Ad-Hoc|iPhone = Ad-Hoc|iPhone
		Ad-Hoc|iPhoneSimulator = Ad-Hoc|iPhoneSimulator
		Ad-Hoc|x64 = Ad-Hoc|x64
		Ad-Hoc|x86 = Ad-Hoc|x86
		AppStore|Any CPU = AppStore|Any CPU
		AppStore|ARM = AppStore|ARM
		AppStore|iPhone = AppStore|iPhone
		AppStore|iPhoneSimulator = AppStore|iPhoneSimulator
		AppStore|x64 = AppStore|x64
		AppStore|x86 = AppStore|x86
		Debug|Any CPU = Debug|Any CPU
		Debug|ARM = Debug|ARM
		Debug|iPhone = Debug|iPhone
		Debug|iPhoneSimulator = Debug|iPhoneSimulator
		Debug|x64 = Debug|x64
		Debug|x86 = Debug|x86
		Release|Any CPU = Release|Any CPU
		Release|ARM = Release|ARM
		Release|iPhone = Release|iPhone
		Release|iPhoneSimulator = Release|iPhoneSimulator
		Release|x64 = Release|x64
		Release|x86 = Release|x86
	EndGlobalSection
	GlobalSection(ProjectConfigurationPlatforms) = postSolution
		{00CCBFF9-FC1B-458D-915A-202EF397EC7B}.Ad-Hoc|Any CPU.ActiveCfg = Release|Any CPU
		{00CCBFF9-FC1B-458D-915A-202EF397EC7B}.Ad-Hoc|Any CPU.Build.0 = Release|Any CPU
		{00CCBFF9-FC1B-458D-915A-202EF397EC7B}.Ad-Hoc|Any CPU.Deploy.0 = Release|Any CPU
		{00CCBFF9-FC1B-458D-915A-202EF397EC7B}.Ad-Hoc|ARM.ActiveCfg = Release|Any CPU
		{00CCBFF9-FC1B-458D-915A-202EF397EC7B}.Ad-Hoc|ARM.Build.0 = Release|Any CPU
		{00CCBFF9-FC1B-458D-915A-202EF397EC7B}.Ad-Hoc|ARM.Deploy.0 = Release|Any CPU
		{00CCBFF9-FC1B-458D-915A-202EF397EC7B}.Ad-Hoc|iPhone.ActiveCfg = Release|Any CPU
		{00CCBFF9-FC1B-458D-915A-202EF397EC7B}.Ad-Hoc|iPhone.Build.0 = Release|Any CPU
		{00CCBFF9-FC1B-458D-915A-202EF397EC7B}.Ad-Hoc|iPhone.Deploy.0 = Release|Any CPU
		{00CCBFF9-FC1B-458D-915A-202EF397EC7B}.Ad-Hoc|iPhoneSimulator.ActiveCfg = Release|Any CPU
		{00CCBFF9-FC1B-458D-915A-202EF397EC7B}.Ad-Hoc|iPhoneSimulator.Build.0 = Release|Any CPU
		{00CCBFF9-FC1B-458D-915A-202EF397EC7B}.Ad-Hoc|iPhoneSimulator.Deploy.0 = Release|Any CPU
		{00CCBFF9-FC1B-458D-915A-202EF397EC7B}.Ad-Hoc|x64.ActiveCfg = Release|Any CPU
		{00CCBFF9-FC1B-458D-915A-202EF397EC7B}.Ad-Hoc|x64.Build.0 = Release|Any CPU
		{00CCBFF9-FC1B-458D-915A-202EF397EC7B}.Ad-Hoc|x64.Deploy.0 = Release|Any CPU
		{00CCBFF9-FC1B-458D-915A-202EF397EC7B}.Ad-Hoc|x86.ActiveCfg = Release|Any CPU
		{00CCBFF9-FC1B-458D-915A-202EF397EC7B}.Ad-Hoc|x86.Build.0 = Release|Any CPU
		{00CCBFF9-FC1B-458D-915A-202EF397EC7B}.Ad-Hoc|x86.Deploy.0 = Release|Any CPU
		{00CCBFF9-FC1B-458D-915A-202EF397EC7B}.AppStore|Any CPU.ActiveCfg = Release|Any CPU
		{00CCBFF9-FC1B-458D-915A-202EF397EC7B}.AppStore|Any CPU.Build.0 = Release|Any CPU
		{00CCBFF9-FC1B-458D-915A-202EF397EC7B}.AppStore|Any CPU.Deploy.0 = Release|Any CPU
		{00CCBFF9-FC1B-458D-915A-202EF397EC7B}.AppStore|ARM.ActiveCfg = Release|Any CPU
		{00CCBFF9-FC1B-458D-915A-202EF397EC7B}.AppStore|ARM.Build.0 = Release|Any CPU
		{00CCBFF9-FC1B-458D-915A-202EF397EC7B}.AppStore|ARM.Deploy.0 = Release|Any CPU
		{00CCBFF9-FC1B-458D-915A-202EF397EC7B}.AppStore|iPhone.ActiveCfg = Release|Any CPU
		{00CCBFF9-FC1B-458D-915A-202EF397EC7B}.AppStore|iPhone.Build.0 = Release|Any CPU
		{00CCBFF9-FC1B-458D-915A-202EF397EC7B}.AppStore|iPhone.Deploy.0 = Release|Any CPU
		{00CCBFF9-FC1B-458D-915A-202EF397EC7B}.AppStore|iPhoneSimulator.ActiveCfg = Release|Any CPU
		{00CCBFF9-FC1B-458D-915A-202EF397EC7B}.AppStore|iPhoneSimulator.Build.0 = Release|Any CPU
		{00CCBFF9-FC1B-458D-915A-202EF397EC7B}.AppStore|iPhoneSimulator.Deploy.0 = Release|Any CPU
		{00CCBFF9-FC1B-458D-915A-202EF397EC7B}.AppStore|x64.ActiveCfg = Release|Any CPU
		{00CCBFF9-FC1B-458D-915A-202EF397EC7B}.AppStore|x64.Build.0 = Release|Any CPU
		{00CCBFF9-FC1B-458D-915A-202EF397EC7B}.AppStore|x64.Deploy.0 = Release|Any CPU
		{00CCBFF9-FC1B-458D-915A-202EF397EC7B}.AppStore|x86.ActiveCfg = Release|Any CPU
		{00CCBFF9-FC1B-458D-915A-202EF397EC7B}.AppStore|x86.Build.0 = Release|Any CPU
		{00CCBFF9-FC1B-458D-915A-202EF397EC7B}.AppStore|x86.Deploy.0 = Release|Any CPU
		{00CCBFF9-FC1B-458D-915A-202EF397EC7B}.Debug|Any CPU.ActiveCfg = Debug|Any CPU
		{00CCBFF9-FC1B-458D-915A-202EF397EC7B}.Debug|Any CPU.Build.0 = Debug|Any CPU
		{00CCBFF9-FC1B-458D-915A-202EF397EC7B}.Debug|Any CPU.Deploy.0 = Debug|Any CPU
		{00CCBFF9-FC1B-458D-915A-202EF397EC7B}.Debug|ARM.ActiveCfg = Debug|Any CPU
		{00CCBFF9-FC1B-458D-915A-202EF397EC7B}.Debug|ARM.Build.0 = Debug|Any CPU
		{00CCBFF9-FC1B-458D-915A-202EF397EC7B}.Debug|ARM.Deploy.0 = Debug|Any CPU
		{00CCBFF9-FC1B-458D-915A-202EF397EC7B}.Debug|iPhone.ActiveCfg = Debug|Any CPU
		{00CCBFF9-FC1B-458D-915A-202EF397EC7B}.Debug|iPhone.Build.0 = Debug|Any CPU
		{00CCBFF9-FC1B-458D-915A-202EF397EC7B}.Debug|iPhone.Deploy.0 = Debug|Any CPU
		{00CCBFF9-FC1B-458D-915A-202EF397EC7B}.Debug|iPhoneSimulator.ActiveCfg = Debug|Any CPU
		{00CCBFF9-FC1B-458D-915A-202EF397EC7B}.Debug|iPhoneSimulator.Build.0 = Debug|Any CPU
		{00CCBFF9-FC1B-458D-915A-202EF397EC7B}.Debug|iPhoneSimulator.Deploy.0 = Debug|Any CPU
		{00CCBFF9-FC1B-458D-915A-202EF397EC7B}.Debug|x64.ActiveCfg = Debug|Any CPU
		{00CCBFF9-FC1B-458D-915A-202EF397EC7B}.Debug|x64.Build.0 = Debug|Any CPU
		{00CCBFF9-FC1B-458D-915A-202EF397EC7B}.Debug|x64.Deploy.0 = Debug|Any CPU
		{00CCBFF9-FC1B-458D-915A-202EF397EC7B}.Debug|x86.ActiveCfg = Debug|Any CPU
		{00CCBFF9-FC1B-458D-915A-202EF397EC7B}.Debug|x86.Build.0 = Debug|Any CPU
		{00CCBFF9-FC1B-458D-915A-202EF397EC7B}.Debug|x86.Deploy.0 = Debug|Any CPU
		{00CCBFF9-FC1B-458D-915A-202EF397EC7B}.Release|Any CPU.ActiveCfg = Release|Any CPU
		{00CCBFF9-FC1B-458D-915A-202EF397EC7B}.Release|Any CPU.Build.0 = Release|Any CPU
		{00CCBFF9-FC1B-458D-915A-202EF397EC7B}.Release|Any CPU.Deploy.0 = Release|Any CPU
		{00CCBFF9-FC1B-458D-915A-202EF397EC7B}.Release|ARM.ActiveCfg = Release|Any CPU
		{00CCBFF9-FC1B-458D-915A-202EF397EC7B}.Release|ARM.Build.0 = Release|Any CPU
		{00CCBFF9-FC1B-458D-915A-202EF397EC7B}.Release|ARM.Deploy.0 = Release|Any CPU
		{00CCBFF9-FC1B-458D-915A-202EF397EC7B}.Release|iPhone.ActiveCfg = Release|Any CPU
		{00CCBFF9-FC1B-458D-915A-202EF397EC7B}.Release|iPhone.Build.0 = Release|Any CPU
		{00CCBFF9-FC1B-458D-915A-202EF397EC7B}.Release|iPhone.Deploy.0 = Release|Any CPU
		{00CCBFF9-FC1B-458D-915A-202EF397EC7B}.Release|iPhoneSimulator.ActiveCfg = Release|Any CPU
		{00CCBFF9-FC1B-458D-915A-202EF397EC7B}.Release|iPhoneSimulator.Build.0 = Release|Any CPU
		{00CCBFF9-FC1B-458D-915A-202EF397EC7B}.Release|iPhoneSimulator.Deploy.0 = Release|Any CPU
		{00CCBFF9-FC1B-458D-915A-202EF397EC7B}.Release|x64.ActiveCfg = Release|Any CPU
		{00CCBFF9-FC1B-458D-915A-202EF397EC7B}.Release|x64.Build.0 = Release|Any CPU
		{00CCBFF9-FC1B-458D-915A-202EF397EC7B}.Release|x64.Deploy.0 = Release|Any CPU
		{00CCBFF9-FC1B-458D-915A-202EF397EC7B}.Release|x86.ActiveCfg = Release|Any CPU
		{00CCBFF9-FC1B-458D-915A-202EF397EC7B}.Release|x86.Build.0 = Release|Any CPU
		{00CCBFF9-FC1B-458D-915A-202EF397EC7B}.Release|x86.Deploy.0 = Release|Any CPU
		{90F51082-FF66-4E56-A728-4CEF93580CDA}.Ad-Hoc|Any CPU.ActiveCfg = Release|Any CPU
		{90F51082-FF66-4E56-A728-4CEF93580CDA}.Ad-Hoc|Any CPU.Build.0 = Release|Any CPU
		{90F51082-FF66-4E56-A728-4CEF93580CDA}.Ad-Hoc|ARM.ActiveCfg = Release|Any CPU
		{90F51082-FF66-4E56-A728-4CEF93580CDA}.Ad-Hoc|ARM.Build.0 = Release|Any CPU
		{90F51082-FF66-4E56-A728-4CEF93580CDA}.Ad-Hoc|iPhone.ActiveCfg = Release|Any CPU
		{90F51082-FF66-4E56-A728-4CEF93580CDA}.Ad-Hoc|iPhone.Build.0 = Release|Any CPU
		{90F51082-FF66-4E56-A728-4CEF93580CDA}.Ad-Hoc|iPhoneSimulator.ActiveCfg = Release|Any CPU
		{90F51082-FF66-4E56-A728-4CEF93580CDA}.Ad-Hoc|iPhoneSimulator.Build.0 = Release|Any CPU
		{90F51082-FF66-4E56-A728-4CEF93580CDA}.Ad-Hoc|x64.ActiveCfg = Release|Any CPU
		{90F51082-FF66-4E56-A728-4CEF93580CDA}.Ad-Hoc|x64.Build.0 = Release|Any CPU
		{90F51082-FF66-4E56-A728-4CEF93580CDA}.Ad-Hoc|x86.ActiveCfg = Release|Any CPU
		{90F51082-FF66-4E56-A728-4CEF93580CDA}.Ad-Hoc|x86.Build.0 = Release|Any CPU
		{90F51082-FF66-4E56-A728-4CEF93580CDA}.AppStore|Any CPU.ActiveCfg = Release|Any CPU
		{90F51082-FF66-4E56-A728-4CEF93580CDA}.AppStore|Any CPU.Build.0 = Release|Any CPU
		{90F51082-FF66-4E56-A728-4CEF93580CDA}.AppStore|ARM.ActiveCfg = Release|Any CPU
		{90F51082-FF66-4E56-A728-4CEF93580CDA}.AppStore|ARM.Build.0 = Release|Any CPU
		{90F51082-FF66-4E56-A728-4CEF93580CDA}.AppStore|iPhone.ActiveCfg = Release|Any CPU
		{90F51082-FF66-4E56-A728-4CEF93580CDA}.AppStore|iPhone.Build.0 = Release|Any CPU
		{90F51082-FF66-4E56-A728-4CEF93580CDA}.AppStore|iPhoneSimulator.ActiveCfg = Release|Any CPU
		{90F51082-FF66-4E56-A728-4CEF93580CDA}.AppStore|iPhoneSimulator.Build.0 = Release|Any CPU
		{90F51082-FF66-4E56-A728-4CEF93580CDA}.AppStore|x64.ActiveCfg = Release|Any CPU
		{90F51082-FF66-4E56-A728-4CEF93580CDA}.AppStore|x64.Build.0 = Release|Any CPU
		{90F51082-FF66-4E56-A728-4CEF93580CDA}.AppStore|x86.ActiveCfg = Release|Any CPU
		{90F51082-FF66-4E56-A728-4CEF93580CDA}.AppStore|x86.Build.0 = Release|Any CPU
		{90F51082-FF66-4E56-A728-4CEF93580CDA}.Debug|Any CPU.ActiveCfg = Debug|Any CPU
		{90F51082-FF66-4E56-A728-4CEF93580CDA}.Debug|Any CPU.Build.0 = Debug|Any CPU
		{90F51082-FF66-4E56-A728-4CEF93580CDA}.Debug|ARM.ActiveCfg = Debug|Any CPU
		{90F51082-FF66-4E56-A728-4CEF93580CDA}.Debug|ARM.Build.0 = Debug|Any CPU
		{90F51082-FF66-4E56-A728-4CEF93580CDA}.Debug|iPhone.ActiveCfg = Debug|Any CPU
		{90F51082-FF66-4E56-A728-4CEF93580CDA}.Debug|iPhone.Build.0 = Debug|Any CPU
		{90F51082-FF66-4E56-A728-4CEF93580CDA}.Debug|iPhoneSimulator.ActiveCfg = Debug|Any CPU
		{90F51082-FF66-4E56-A728-4CEF93580CDA}.Debug|iPhoneSimulator.Build.0 = Debug|Any CPU
		{90F51082-FF66-4E56-A728-4CEF93580CDA}.Debug|x64.ActiveCfg = Debug|Any CPU
		{90F51082-FF66-4E56-A728-4CEF93580CDA}.Debug|x64.Build.0 = Debug|Any CPU
		{90F51082-FF66-4E56-A728-4CEF93580CDA}.Debug|x86.ActiveCfg = Debug|Any CPU
		{90F51082-FF66-4E56-A728-4CEF93580CDA}.Debug|x86.Build.0 = Debug|Any CPU
		{90F51082-FF66-4E56-A728-4CEF93580CDA}.Release|Any CPU.ActiveCfg = Release|Any CPU
		{90F51082-FF66-4E56-A728-4CEF93580CDA}.Release|Any CPU.Build.0 = Release|Any CPU
		{90F51082-FF66-4E56-A728-4CEF93580CDA}.Release|ARM.ActiveCfg = Release|Any CPU
		{90F51082-FF66-4E56-A728-4CEF93580CDA}.Release|ARM.Build.0 = Release|Any CPU
		{90F51082-FF66-4E56-A728-4CEF93580CDA}.Release|iPhone.ActiveCfg = Release|Any CPU
		{90F51082-FF66-4E56-A728-4CEF93580CDA}.Release|iPhone.Build.0 = Release|Any CPU
		{90F51082-FF66-4E56-A728-4CEF93580CDA}.Release|iPhoneSimulator.ActiveCfg = Release|Any CPU
		{90F51082-FF66-4E56-A728-4CEF93580CDA}.Release|iPhoneSimulator.Build.0 = Release|Any CPU
		{90F51082-FF66-4E56-A728-4CEF93580CDA}.Release|x64.ActiveCfg = Release|Any CPU
		{90F51082-FF66-4E56-A728-4CEF93580CDA}.Release|x64.Build.0 = Release|Any CPU
		{90F51082-FF66-4E56-A728-4CEF93580CDA}.Release|x86.ActiveCfg = Release|Any CPU
		{90F51082-FF66-4E56-A728-4CEF93580CDA}.Release|x86.Build.0 = Release|Any CPU
		{B1EC4815-2E8B-4752-94B5-0131E29FA732}.Ad-Hoc|Any CPU.ActiveCfg = Release|x86
		{B1EC4815-2E8B-4752-94B5-0131E29FA732}.Ad-Hoc|Any CPU.Build.0 = Release|x86
		{B1EC4815-2E8B-4752-94B5-0131E29FA732}.Ad-Hoc|Any CPU.Deploy.0 = Release|x86
		{B1EC4815-2E8B-4752-94B5-0131E29FA732}.Ad-Hoc|ARM.ActiveCfg = Release|ARM
		{B1EC4815-2E8B-4752-94B5-0131E29FA732}.Ad-Hoc|ARM.Build.0 = Release|ARM
		{B1EC4815-2E8B-4752-94B5-0131E29FA732}.Ad-Hoc|ARM.Deploy.0 = Release|ARM
		{B1EC4815-2E8B-4752-94B5-0131E29FA732}.Ad-Hoc|iPhone.ActiveCfg = Release|x86
		{B1EC4815-2E8B-4752-94B5-0131E29FA732}.Ad-Hoc|iPhone.Build.0 = Release|x86
		{B1EC4815-2E8B-4752-94B5-0131E29FA732}.Ad-Hoc|iPhone.Deploy.0 = Release|x86
		{B1EC4815-2E8B-4752-94B5-0131E29FA732}.Ad-Hoc|iPhoneSimulator.ActiveCfg = Release|x86
		{B1EC4815-2E8B-4752-94B5-0131E29FA732}.Ad-Hoc|iPhoneSimulator.Build.0 = Release|x86
		{B1EC4815-2E8B-4752-94B5-0131E29FA732}.Ad-Hoc|iPhoneSimulator.Deploy.0 = Release|x86
		{B1EC4815-2E8B-4752-94B5-0131E29FA732}.Ad-Hoc|x64.ActiveCfg = Release|x64
		{B1EC4815-2E8B-4752-94B5-0131E29FA732}.Ad-Hoc|x64.Build.0 = Release|x64
		{B1EC4815-2E8B-4752-94B5-0131E29FA732}.Ad-Hoc|x64.Deploy.0 = Release|x64
		{B1EC4815-2E8B-4752-94B5-0131E29FA732}.Ad-Hoc|x86.ActiveCfg = Release|x86
		{B1EC4815-2E8B-4752-94B5-0131E29FA732}.Ad-Hoc|x86.Build.0 = Release|x86
		{B1EC4815-2E8B-4752-94B5-0131E29FA732}.Ad-Hoc|x86.Deploy.0 = Release|x86
		{B1EC4815-2E8B-4752-94B5-0131E29FA732}.AppStore|Any CPU.ActiveCfg = Release|x86
		{B1EC4815-2E8B-4752-94B5-0131E29FA732}.AppStore|Any CPU.Build.0 = Release|x86
		{B1EC4815-2E8B-4752-94B5-0131E29FA732}.AppStore|Any CPU.Deploy.0 = Release|x86
		{B1EC4815-2E8B-4752-94B5-0131E29FA732}.AppStore|ARM.ActiveCfg = Release|ARM
		{B1EC4815-2E8B-4752-94B5-0131E29FA732}.AppStore|ARM.Build.0 = Release|ARM
		{B1EC4815-2E8B-4752-94B5-0131E29FA732}.AppStore|ARM.Deploy.0 = Release|ARM
		{B1EC4815-2E8B-4752-94B5-0131E29FA732}.AppStore|iPhone.ActiveCfg = Release|x86
		{B1EC4815-2E8B-4752-94B5-0131E29FA732}.AppStore|iPhone.Build.0 = Release|x86
		{B1EC4815-2E8B-4752-94B5-0131E29FA732}.AppStore|iPhone.Deploy.0 = Release|x86
		{B1EC4815-2E8B-4752-94B5-0131E29FA732}.AppStore|iPhoneSimulator.ActiveCfg = Release|x86
		{B1EC4815-2E8B-4752-94B5-0131E29FA732}.AppStore|iPhoneSimulator.Build.0 = Release|x86
		{B1EC4815-2E8B-4752-94B5-0131E29FA732}.AppStore|iPhoneSimulator.Deploy.0 = Release|x86
		{B1EC4815-2E8B-4752-94B5-0131E29FA732}.AppStore|x64.ActiveCfg = Release|x64
		{B1EC4815-2E8B-4752-94B5-0131E29FA732}.AppStore|x64.Build.0 = Release|x64
		{B1EC4815-2E8B-4752-94B5-0131E29FA732}.AppStore|x64.Deploy.0 = Release|x64
		{B1EC4815-2E8B-4752-94B5-0131E29FA732}.AppStore|x86.ActiveCfg = Release|x86
		{B1EC4815-2E8B-4752-94B5-0131E29FA732}.AppStore|x86.Build.0 = Release|x86
		{B1EC4815-2E8B-4752-94B5-0131E29FA732}.AppStore|x86.Deploy.0 = Release|x86
		{B1EC4815-2E8B-4752-94B5-0131E29FA732}.Debug|Any CPU.ActiveCfg = Debug|x86
		{B1EC4815-2E8B-4752-94B5-0131E29FA732}.Debug|ARM.ActiveCfg = Debug|ARM
		{B1EC4815-2E8B-4752-94B5-0131E29FA732}.Debug|ARM.Build.0 = Debug|ARM
		{B1EC4815-2E8B-4752-94B5-0131E29FA732}.Debug|ARM.Deploy.0 = Debug|ARM
		{B1EC4815-2E8B-4752-94B5-0131E29FA732}.Debug|iPhone.ActiveCfg = Debug|x86
		{B1EC4815-2E8B-4752-94B5-0131E29FA732}.Debug|iPhoneSimulator.ActiveCfg = Debug|x86
		{B1EC4815-2E8B-4752-94B5-0131E29FA732}.Debug|x64.ActiveCfg = Debug|x64
		{B1EC4815-2E8B-4752-94B5-0131E29FA732}.Debug|x64.Build.0 = Debug|x64
		{B1EC4815-2E8B-4752-94B5-0131E29FA732}.Debug|x64.Deploy.0 = Debug|x64
		{B1EC4815-2E8B-4752-94B5-0131E29FA732}.Debug|x86.ActiveCfg = Debug|x86
		{B1EC4815-2E8B-4752-94B5-0131E29FA732}.Debug|x86.Build.0 = Debug|x86
		{B1EC4815-2E8B-4752-94B5-0131E29FA732}.Debug|x86.Deploy.0 = Debug|x86
		{B1EC4815-2E8B-4752-94B5-0131E29FA732}.Release|Any CPU.ActiveCfg = Release|x86
		{B1EC4815-2E8B-4752-94B5-0131E29FA732}.Release|ARM.ActiveCfg = Release|ARM
		{B1EC4815-2E8B-4752-94B5-0131E29FA732}.Release|ARM.Build.0 = Release|ARM
		{B1EC4815-2E8B-4752-94B5-0131E29FA732}.Release|ARM.Deploy.0 = Release|ARM
		{B1EC4815-2E8B-4752-94B5-0131E29FA732}.Release|iPhone.ActiveCfg = Release|x86
		{B1EC4815-2E8B-4752-94B5-0131E29FA732}.Release|iPhoneSimulator.ActiveCfg = Release|x86
		{B1EC4815-2E8B-4752-94B5-0131E29FA732}.Release|x64.ActiveCfg = Release|x64
		{B1EC4815-2E8B-4752-94B5-0131E29FA732}.Release|x64.Build.0 = Release|x64
		{B1EC4815-2E8B-4752-94B5-0131E29FA732}.Release|x64.Deploy.0 = Release|x64
		{B1EC4815-2E8B-4752-94B5-0131E29FA732}.Release|x86.ActiveCfg = Release|x86
		{B1EC4815-2E8B-4752-94B5-0131E29FA732}.Release|x86.Build.0 = Release|x86
		{B1EC4815-2E8B-4752-94B5-0131E29FA732}.Release|x86.Deploy.0 = Release|x86
		{8859868D-2C32-471C-A56D-71A6FCBBEAAC}.Ad-Hoc|Any CPU.ActiveCfg = Ad-Hoc|iPhone
		{8859868D-2C32-471C-A56D-71A6FCBBEAAC}.Ad-Hoc|ARM.ActiveCfg = Ad-Hoc|iPhone
		{8859868D-2C32-471C-A56D-71A6FCBBEAAC}.Ad-Hoc|iPhone.ActiveCfg = Ad-Hoc|iPhone
		{8859868D-2C32-471C-A56D-71A6FCBBEAAC}.Ad-Hoc|iPhone.Build.0 = Ad-Hoc|iPhone
		{8859868D-2C32-471C-A56D-71A6FCBBEAAC}.Ad-Hoc|iPhoneSimulator.ActiveCfg = Ad-Hoc|iPhoneSimulator
		{8859868D-2C32-471C-A56D-71A6FCBBEAAC}.Ad-Hoc|iPhoneSimulator.Build.0 = Ad-Hoc|iPhoneSimulator
		{8859868D-2C32-471C-A56D-71A6FCBBEAAC}.Ad-Hoc|x64.ActiveCfg = Ad-Hoc|iPhone
		{8859868D-2C32-471C-A56D-71A6FCBBEAAC}.Ad-Hoc|x86.ActiveCfg = Ad-Hoc|iPhone
		{8859868D-2C32-471C-A56D-71A6FCBBEAAC}.AppStore|Any CPU.ActiveCfg = AppStore|iPhone
		{8859868D-2C32-471C-A56D-71A6FCBBEAAC}.AppStore|ARM.ActiveCfg = AppStore|iPhone
		{8859868D-2C32-471C-A56D-71A6FCBBEAAC}.AppStore|iPhone.ActiveCfg = AppStore|iPhone
		{8859868D-2C32-471C-A56D-71A6FCBBEAAC}.AppStore|iPhone.Build.0 = AppStore|iPhone
		{8859868D-2C32-471C-A56D-71A6FCBBEAAC}.AppStore|iPhoneSimulator.ActiveCfg = AppStore|iPhoneSimulator
		{8859868D-2C32-471C-A56D-71A6FCBBEAAC}.AppStore|iPhoneSimulator.Build.0 = AppStore|iPhoneSimulator
		{8859868D-2C32-471C-A56D-71A6FCBBEAAC}.AppStore|x64.ActiveCfg = AppStore|iPhone
		{8859868D-2C32-471C-A56D-71A6FCBBEAAC}.AppStore|x86.ActiveCfg = AppStore|iPhone
		{8859868D-2C32-471C-A56D-71A6FCBBEAAC}.Debug|Any CPU.ActiveCfg = Debug|iPhone
		{8859868D-2C32-471C-A56D-71A6FCBBEAAC}.Debug|ARM.ActiveCfg = Debug|iPhone
		{8859868D-2C32-471C-A56D-71A6FCBBEAAC}.Debug|iPhone.ActiveCfg = Debug|iPhone
		{8859868D-2C32-471C-A56D-71A6FCBBEAAC}.Debug|iPhone.Build.0 = Debug|iPhone
		{8859868D-2C32-471C-A56D-71A6FCBBEAAC}.Debug|iPhoneSimulator.ActiveCfg = Debug|iPhoneSimulator
		{8859868D-2C32-471C-A56D-71A6FCBBEAAC}.Debug|iPhoneSimulator.Build.0 = Debug|iPhoneSimulator
		{8859868D-2C32-471C-A56D-71A6FCBBEAAC}.Debug|x64.ActiveCfg = Debug|iPhone
		{8859868D-2C32-471C-A56D-71A6FCBBEAAC}.Debug|x86.ActiveCfg = Debug|iPhone
		{8859868D-2C32-471C-A56D-71A6FCBBEAAC}.Release|Any CPU.ActiveCfg = Release|iPhone
		{8859868D-2C32-471C-A56D-71A6FCBBEAAC}.Release|ARM.ActiveCfg = Release|iPhone
		{8859868D-2C32-471C-A56D-71A6FCBBEAAC}.Release|iPhone.ActiveCfg = Release|iPhone
		{8859868D-2C32-471C-A56D-71A6FCBBEAAC}.Release|iPhone.Build.0 = Release|iPhone
		{8859868D-2C32-471C-A56D-71A6FCBBEAAC}.Release|iPhoneSimulator.ActiveCfg = Release|iPhoneSimulator
		{8859868D-2C32-471C-A56D-71A6FCBBEAAC}.Release|iPhoneSimulator.Build.0 = Release|iPhoneSimulator
		{8859868D-2C32-471C-A56D-71A6FCBBEAAC}.Release|x64.ActiveCfg = Release|iPhone
		{8859868D-2C32-471C-A56D-71A6FCBBEAAC}.Release|x86.ActiveCfg = Release|iPhone
	EndGlobalSection
	GlobalSection(SolutionProperties) = preSolution
		HideSolutionNode = FALSE
	EndGlobalSection
	GlobalSection(TeamFoundationVersionControl) = preSolution
		SccNumberOfProjects = 5
		SccEnterpriseProvider = {4CA58AB2-18FA-4F8D-95D4-32DDF27D184C}
		SccTeamFoundationServer = https://93rashid.visualstudio.com/
		SccLocalPath0 = .
		SccProjectUniqueName1 = CoolBreeze\\CoolBreeze.Android\\CoolBreeze.Android.csproj
		SccProjectName1 = CoolBreeze/CoolBreeze.Android
		SccLocalPath1 = CoolBreeze\\CoolBreeze.Android
		SccProjectUniqueName2 = CoolBreeze\\CoolBreeze.iOS\\CoolBreeze.iOS.csproj
		SccProjectName2 = CoolBreeze/CoolBreeze.iOS
		SccLocalPath2 = CoolBreeze\\CoolBreeze.iOS
		SccProjectUniqueName3 = CoolBreeze\\CoolBreeze.UWP\\CoolBreeze.UWP.csproj
		SccProjectName3 = CoolBreeze/CoolBreeze.UWP
		SccLocalPath3 = CoolBreeze\\CoolBreeze.UWP
		SccProjectUniqueName4 = CoolBreeze\\CoolBreeze\\CoolBreeze.csproj
		SccProjectName4 = CoolBreeze/CoolBreeze
		SccLocalPath4 = CoolBreeze\\CoolBreeze
	EndGlobalSection
EndGlobal
